
Microsoft Visual Studio Solution File, Format Version 12.00
# Visual Studio 14
VisualStudioVersion = 14.0.23107.0
MinimumVisualStudioVersion = 10.0.40219.1
Project("{2150E333-8FDC-42A3-9474-1A3956D46DE8}") = ".nuget", ".nuget", "{18AE4A9C-45ED-4743-A239-31D248FE51E1}"
	ProjectSection(SolutionItems) = preProject
		.nuget\NuGet.Config = .nuget\NuGet.Config
		.nuget\NuGet.exe = .nuget\NuGet.exe
		.nuget\NuGet.targets = .nuget\NuGet.targets
	EndProjectSection
EndProject
Project("{FAE04EC0-301F-11D3-BF4B-00C04F79EFBC}") = "EveLib.Core", "EveLib.Core\EveLib.Core.csproj", "{AA85978C-2BF5-419F-9F8E-B70162E83F34}"
EndProject
Project("{FAE04EC0-301F-11D3-BF4B-00C04F79EFBC}") = "EveLib.EveCentral", "EveLib.EveCentral\EveLib.EveCentral.csproj", "{FCD48E90-6605-4BC1-B761-0B37DF390990}"
EndProject
Project("{FAE04EC0-301F-11D3-BF4B-00C04F79EFBC}") = "EveLib.EveMarketData", "EveLib.EveMarketData\EveLib.EveMarketData.csproj", "{185E2271-BBA1-4071-AC46-BF47153BDB7A}"
EndProject
Project("{FAE04EC0-301F-11D3-BF4B-00C04F79EFBC}") = "EveLib.Test", "EveLib.Tests\EveLib.Test.csproj", "{499BFDFF-A2DE-4980-9DA6-BC98E767CF35}"
EndProject
Project("{FAE04EC0-301F-11D3-BF4B-00C04F79EFBC}") = "EveLib.Element43", "EveLib.Element43\EveLib.Element43.csproj", "{91C78379-3D32-4131-8CD7-C1E8876D0933}"
EndProject
Project("{FAE04EC0-301F-11D3-BF4B-00C04F79EFBC}") = "EveLib.EveCrest", "EveLib.EveCrest\EveLib.EveCrest.csproj", "{F81627B3-99AF-4B4F-926A-685D21569451}"
EndProject
Project("{FAE04EC0-301F-11D3-BF4B-00C04F79EFBC}") = "Evelib.ZKillboard", "EveLib.ZKillboard\Evelib.ZKillboard.csproj", "{741BDD36-B71C-4ABE-9B03-185FBD6767F4}"
EndProject
Project("{FAE04EC0-301F-11D3-BF4B-00C04F79EFBC}") = "EveLib", "EveLib\EveLib.csproj", "{845B3203-B28A-4038-9E4D-48CD9D2E8A45}"
EndProject
Project("{FAE04EC0-301F-11D3-BF4B-00C04F79EFBC}") = "EveLib.StaticData", "EveLib.EveStaticData\EveLib.StaticData.csproj", "{25A492FE-1004-4A0B-AAD3-B5395C2D47EA}"
EndProject
Project("{FAE04EC0-301F-11D3-BF4B-00C04F79EFBC}") = "EveLib.EveWho", "EveLib.EveWho\EveLib.EveWho.csproj", "{A11F0424-9183-4C54-9D0E-AD82BC9D6923}"
EndProject
Project("{FAE04EC0-301F-11D3-BF4B-00C04F79EFBC}") = "EveLib.EveAuth", "EveLib.EveAuth\EveLib.EveAuth.csproj", "{66A526C4-AD56-42A1-A680-0D11A524EC40}"
EndProject
Project("{FAE04EC0-301F-11D3-BF4B-00C04F79EFBC}") = "EveLib.EveXml", "EveLib.EveXml\EveLib.EveXml.csproj", "{655CA737-CD94-4128-B2B5-DCE37EA6E7F8}"
EndProject
Project("{FAE04EC0-301F-11D3-BF4B-00C04F79EFBC}") = "EveLib.CrestClient", "EveLib.CrestClient\EveLib.CrestClient.csproj", "{AB71147C-2135-48F5-9501-F88BDE3360B9}"
EndProject
Project("{FAE04EC0-301F-11D3-BF4B-00C04F79EFBC}") = "EveAuthUtility", "EveAuthUtility\EveAuthUtility.csproj", "{76B260AD-310B-4B8E-BFFF-124877BF692C}"
EndProject
Global
	GlobalSection(SolutionConfigurationPlatforms) = preSolution
		Debug|Any CPU = Debug|Any CPU
		Debug|ARM = Debug|ARM
		Debug|x64 = Debug|x64
		Debug|x86 = Debug|x86
		Release|Any CPU = Release|Any CPU
		Release|ARM = Release|ARM
		Release|x64 = Release|x64
		Release|x86 = Release|x86
	EndGlobalSection
	GlobalSection(ProjectConfigurationPlatforms) = postSolution
		{AA85978C-2BF5-419F-9F8E-B70162E83F34}.Debug|Any CPU.ActiveCfg = Debug|Any CPU
		{AA85978C-2BF5-419F-9F8E-B70162E83F34}.Debug|Any CPU.Build.0 = Debug|Any CPU
		{AA85978C-2BF5-419F-9F8E-B70162E83F34}.Debug|ARM.ActiveCfg = Debug|Any CPU
		{AA85978C-2BF5-419F-9F8E-B70162E83F34}.Debug|x64.ActiveCfg = Debug|Any CPU
		{AA85978C-2BF5-419F-9F8E-B70162E83F34}.Debug|x86.ActiveCfg = Debug|Any CPU
		{AA85978C-2BF5-419F-9F8E-B70162E83F34}.Release|Any CPU.ActiveCfg = Release|Any CPU
		{AA85978C-2BF5-419F-9F8E-B70162E83F34}.Release|Any CPU.Build.0 = Release|Any CPU
		{AA85978C-2BF5-419F-9F8E-B70162E83F34}.Release|ARM.ActiveCfg = Release|Any CPU
		{AA85978C-2BF5-419F-9F8E-B70162E83F34}.Release|x64.ActiveCfg = Release|Any CPU
		{AA85978C-2BF5-419F-9F8E-B70162E83F34}.Release|x86.ActiveCfg = Release|Any CPU
		{FCD48E90-6605-4BC1-B761-0B37DF390990}.Debug|Any CPU.ActiveCfg = Debug|Any CPU
		{FCD48E90-6605-4BC1-B761-0B37DF390990}.Debug|Any CPU.Build.0 = Debug|Any CPU
		{FCD48E90-6605-4BC1-B761-0B37DF390990}.Debug|ARM.ActiveCfg = Debug|Any CPU
		{FCD48E90-6605-4BC1-B761-0B37DF390990}.Debug|x64.ActiveCfg = Debug|Any CPU
		{FCD48E90-6605-4BC1-B761-0B37DF390990}.Debug|x86.ActiveCfg = Debug|Any CPU
		{FCD48E90-6605-4BC1-B761-0B37DF390990}.Release|Any CPU.ActiveCfg = Release|Any CPU
		{FCD48E90-6605-4BC1-B761-0B37DF390990}.Release|Any CPU.Build.0 = Release|Any CPU
		{FCD48E90-6605-4BC1-B761-0B37DF390990}.Release|ARM.ActiveCfg = Release|Any CPU
		{FCD48E90-6605-4BC1-B761-0B37DF390990}.Release|x64.ActiveCfg = Release|Any CPU
		{FCD48E90-6605-4BC1-B761-0B37DF390990}.Release|x86.ActiveCfg = Release|Any CPU
		{185E2271-BBA1-4071-AC46-BF47153BDB7A}.Debug|Any CPU.ActiveCfg = Debug|Any CPU
		{185E2271-BBA1-4071-AC46-BF47153BDB7A}.Debug|Any CPU.Build.0 = Debug|Any CPU
		{185E2271-BBA1-4071-AC46-BF47153BDB7A}.Debug|ARM.ActiveCfg = Debug|Any CPU
		{185E2271-BBA1-4071-AC46-BF47153BDB7A}.Debug|x64.ActiveCfg = Debug|Any CPU
		{185E2271-BBA1-4071-AC46-BF47153BDB7A}.Debug|x86.ActiveCfg = Debug|Any CPU
		{185E2271-BBA1-4071-AC46-BF47153BDB7A}.Release|Any CPU.ActiveCfg = Release|Any CPU
		{185E2271-BBA1-4071-AC46-BF47153BDB7A}.Release|Any CPU.Build.0 = Release|Any CPU
		{185E2271-BBA1-4071-AC46-BF47153BDB7A}.Release|ARM.ActiveCfg = Release|Any CPU
		{185E2271-BBA1-4071-AC46-BF47153BDB7A}.Release|x64.ActiveCfg = Release|Any CPU
		{185E2271-BBA1-4071-AC46-BF47153BDB7A}.Release|x86.ActiveCfg = Release|Any CPU
		{499BFDFF-A2DE-4980-9DA6-BC98E767CF35}.Debug|Any CPU.ActiveCfg = Debug|Any CPU
		{499BFDFF-A2DE-4980-9DA6-BC98E767CF35}.Debug|Any CPU.Build.0 = Debug|Any CPU
		{499BFDFF-A2DE-4980-9DA6-BC98E767CF35}.Debug|ARM.ActiveCfg = Debug|Any CPU
		{499BFDFF-A2DE-4980-9DA6-BC98E767CF35}.Debug|x64.ActiveCfg = Debug|Any CPU
		{499BFDFF-A2DE-4980-9DA6-BC98E767CF35}.Debug|x86.ActiveCfg = Debug|Any CPU
		{499BFDFF-A2DE-4980-9DA6-BC98E767CF35}.Release|Any CPU.ActiveCfg = Release|Any CPU
		{499BFDFF-A2DE-4980-9DA6-BC98E767CF35}.Release|Any CPU.Build.0 = Release|Any CPU
		{499BFDFF-A2DE-4980-9DA6-BC98E767CF35}.Release|ARM.ActiveCfg = Release|Any CPU
		{499BFDFF-A2DE-4980-9DA6-BC98E767CF35}.Release|x64.ActiveCfg = Release|Any CPU
		{499BFDFF-A2DE-4980-9DA6-BC98E767CF35}.Release|x86.ActiveCfg = Release|Any CPU
		{91C78379-3D32-4131-8CD7-C1E8876D0933}.Debug|Any CPU.ActiveCfg = Debug|Any CPU
		{91C78379-3D32-4131-8CD7-C1E8876D0933}.Debug|Any CPU.Build.0 = Debug|Any CPU
		{91C78379-3D32-4131-8CD7-C1E8876D0933}.Debug|ARM.ActiveCfg = Debug|Any CPU
		{91C78379-3D32-4131-8CD7-C1E8876D0933}.Debug|x64.ActiveCfg = Debug|Any CPU
		{91C78379-3D32-4131-8CD7-C1E8876D0933}.Debug|x86.ActiveCfg = Debug|Any CPU
		{91C78379-3D32-4131-8CD7-C1E8876D0933}.Release|Any CPU.ActiveCfg = Release|Any CPU
		{91C78379-3D32-4131-8CD7-C1E8876D0933}.Release|Any CPU.Build.0 = Release|Any CPU
		{91C78379-3D32-4131-8CD7-C1E8876D0933}.Release|ARM.ActiveCfg = Release|Any CPU
		{91C78379-3D32-4131-8CD7-C1E8876D0933}.Release|x64.ActiveCfg = Release|Any CPU
		{91C78379-3D32-4131-8CD7-C1E8876D0933}.Release|x86.ActiveCfg = Release|Any CPU
		{F81627B3-99AF-4B4F-926A-685D21569451}.Debug|Any CPU.ActiveCfg = Debug|Any CPU
		{F81627B3-99AF-4B4F-926A-685D21569451}.Debug|Any CPU.Build.0 = Debug|Any CPU
		{F81627B3-99AF-4B4F-926A-685D21569451}.Debug|ARM.ActiveCfg = Debug|Any CPU
		{F81627B3-99AF-4B4F-926A-685D21569451}.Debug|x64.ActiveCfg = Debug|Any CPU
		{F81627B3-99AF-4B4F-926A-685D21569451}.Debug|x86.ActiveCfg = Debug|Any CPU
		{F81627B3-99AF-4B4F-926A-685D21569451}.Release|Any CPU.ActiveCfg = Release|Any CPU
		{F81627B3-99AF-4B4F-926A-685D21569451}.Release|Any CPU.Build.0 = Release|Any CPU
		{F81627B3-99AF-4B4F-926A-685D21569451}.Release|ARM.ActiveCfg = Release|Any CPU
		{F81627B3-99AF-4B4F-926A-685D21569451}.Release|x64.ActiveCfg = Release|Any CPU
		{F81627B3-99AF-4B4F-926A-685D21569451}.Release|x86.ActiveCfg = Release|Any CPU
		{741BDD36-B71C-4ABE-9B03-185FBD6767F4}.Debug|Any CPU.ActiveCfg = Debug|Any CPU
		{741BDD36-B71C-4ABE-9B03-185FBD6767F4}.Debug|Any CPU.Build.0 = Debug|Any CPU
		{741BDD36-B71C-4ABE-9B03-185FBD6767F4}.Debug|ARM.ActiveCfg = Debug|Any CPU
		{741BDD36-B71C-4ABE-9B03-185FBD6767F4}.Debug|x64.ActiveCfg = Debug|Any CPU
		{741BDD36-B71C-4ABE-9B03-185FBD6767F4}.Debug|x86.ActiveCfg = Debug|Any CPU
		{741BDD36-B71C-4ABE-9B03-185FBD6767F4}.Release|Any CPU.ActiveCfg = Release|Any CPU
		{741BDD36-B71C-4ABE-9B03-185FBD6767F4}.Release|Any CPU.Build.0 = Release|Any CPU
		{741BDD36-B71C-4ABE-9B03-185FBD6767F4}.Release|ARM.ActiveCfg = Release|Any CPU
		{741BDD36-B71C-4ABE-9B03-185FBD6767F4}.Release|x64.ActiveCfg = Release|Any CPU
		{741BDD36-B71C-4ABE-9B03-185FBD6767F4}.Release|x86.ActiveCfg = Release|Any CPU
		{845B3203-B28A-4038-9E4D-48CD9D2E8A45}.Debug|Any CPU.ActiveCfg = Debug|Any CPU
		{845B3203-B28A-4038-9E4D-48CD9D2E8A45}.Debug|ARM.ActiveCfg = Debug|Any CPU
		{845B3203-B28A-4038-9E4D-48CD9D2E8A45}.Debug|x64.ActiveCfg = Debug|Any CPU
		{845B3203-B28A-4038-9E4D-48CD9D2E8A45}.Debug|x86.ActiveCfg = Debug|Any CPU
		{845B3203-B28A-4038-9E4D-48CD9D2E8A45}.Release|Any CPU.ActiveCfg = Release|Any CPU
		{845B3203-B28A-4038-9E4D-48CD9D2E8A45}.Release|Any CPU.Build.0 = Release|Any CPU
		{845B3203-B28A-4038-9E4D-48CD9D2E8A45}.Release|Any CPU.Deploy.0 = Release|Any CPU
		{845B3203-B28A-4038-9E4D-48CD9D2E8A45}.Release|ARM.ActiveCfg = Release|Any CPU
		{845B3203-B28A-4038-9E4D-48CD9D2E8A45}.Release|x64.ActiveCfg = Release|Any CPU
		{845B3203-B28A-4038-9E4D-48CD9D2E8A45}.Release|x86.ActiveCfg = Release|Any CPU
		{25A492FE-1004-4A0B-AAD3-B5395C2D47EA}.Debug|Any CPU.ActiveCfg = Debug|Any CPU
		{25A492FE-1004-4A0B-AAD3-B5395C2D47EA}.Debug|Any CPU.Build.0 = Debug|Any CPU
		{25A492FE-1004-4A0B-AAD3-B5395C2D47EA}.Debug|ARM.ActiveCfg = Debug|Any CPU
		{25A492FE-1004-4A0B-AAD3-B5395C2D47EA}.Debug|x64.ActiveCfg = Debug|Any CPU
		{25A492FE-1004-4A0B-AAD3-B5395C2D47EA}.Debug|x86.ActiveCfg = Debug|Any CPU
		{25A492FE-1004-4A0B-AAD3-B5395C2D47EA}.Release|Any CPU.ActiveCfg = Release|Any CPU
		{25A492FE-1004-4A0B-AAD3-B5395C2D47EA}.Release|Any CPU.Build.0 = Release|Any CPU
		{25A492FE-1004-4A0B-AAD3-B5395C2D47EA}.Release|ARM.ActiveCfg = Release|Any CPU
		{25A492FE-1004-4A0B-AAD3-B5395C2D47EA}.Release|x64.ActiveCfg = Release|Any CPU
		{25A492FE-1004-4A0B-AAD3-B5395C2D47EA}.Release|x86.ActiveCfg = Release|Any CPU
		{A11F0424-9183-4C54-9D0E-AD82BC9D6923}.Debug|Any CPU.ActiveCfg = Debug|Any CPU
		{A11F0424-9183-4C54-9D0E-AD82BC9D6923}.Debug|Any CPU.Build.0 = Debug|Any CPU
		{A11F0424-9183-4C54-9D0E-AD82BC9D6923}.Debug|ARM.ActiveCfg = Debug|Any CPU
		{A11F0424-9183-4C54-9D0E-AD82BC9D6923}.Debug|x64.ActiveCfg = Debug|Any CPU
		{A11F0424-9183-4C54-9D0E-AD82BC9D6923}.Debug|x86.ActiveCfg = Debug|Any CPU
		{A11F0424-9183-4C54-9D0E-AD82BC9D6923}.Release|Any CPU.ActiveCfg = Release|Any CPU
		{A11F0424-9183-4C54-9D0E-AD82BC9D6923}.Release|Any CPU.Build.0 = Release|Any CPU
		{A11F0424-9183-4C54-9D0E-AD82BC9D6923}.Release|ARM.ActiveCfg = Release|Any CPU
		{A11F0424-9183-4C54-9D0E-AD82BC9D6923}.Release|x64.ActiveCfg = Release|Any CPU
		{A11F0424-9183-4C54-9D0E-AD82BC9D6923}.Release|x86.ActiveCfg = Release|Any CPU
		{66A526C4-AD56-42A1-A680-0D11A524EC40}.Debug|Any CPU.ActiveCfg = Debug|Any CPU
		{66A526C4-AD56-42A1-A680-0D11A524EC40}.Debug|Any CPU.Build.0 = Debug|Any CPU
		{66A526C4-AD56-42A1-A680-0D11A524EC40}.Debug|ARM.ActiveCfg = Debug|Any CPU
		{66A526C4-AD56-42A1-A680-0D11A524EC40}.Debug|x64.ActiveCfg = Debug|Any CPU
		{66A526C4-AD56-42A1-A680-0D11A524EC40}.Debug|x86.ActiveCfg = Debug|Any CPU
		{66A526C4-AD56-42A1-A680-0D11A524EC40}.Release|Any CPU.ActiveCfg = Release|Any CPU
		{66A526C4-AD56-42A1-A680-0D11A524EC40}.Release|Any CPU.Build.0 = Release|Any CPU
		{66A526C4-AD56-42A1-A680-0D11A524EC40}.Release|ARM.ActiveCfg = Release|Any CPU
		{66A526C4-AD56-42A1-A680-0D11A524EC40}.Release|x64.ActiveCfg = Release|Any CPU
		{66A526C4-AD56-42A1-A680-0D11A524EC40}.Release|x86.ActiveCfg = Release|Any CPU
		{655CA737-CD94-4128-B2B5-DCE37EA6E7F8}.Debug|Any CPU.ActiveCfg = Debug|Any CPU
		{655CA737-CD94-4128-B2B5-DCE37EA6E7F8}.Debug|Any CPU.Build.0 = Debug|Any CPU
		{655CA737-CD94-4128-B2B5-DCE37EA6E7F8}.Debug|ARM.ActiveCfg = Debug|Any CPU
		{655CA737-CD94-4128-B2B5-DCE37EA6E7F8}.Debug|x64.ActiveCfg = Debug|Any CPU
		{655CA737-CD94-4128-B2B5-DCE37EA6E7F8}.Debug|x86.ActiveCfg = Debug|Any CPU
		{655CA737-CD94-4128-B2B5-DCE37EA6E7F8}.Release|Any CPU.ActiveCfg = Release|Any CPU
		{655CA737-CD94-4128-B2B5-DCE37EA6E7F8}.Release|Any CPU.Build.0 = Release|Any CPU
		{655CA737-CD94-4128-B2B5-DCE37EA6E7F8}.Release|ARM.ActiveCfg = Release|Any CPU
		{655CA737-CD94-4128-B2B5-DCE37EA6E7F8}.Release|x64.ActiveCfg = Release|Any CPU
		{655CA737-CD94-4128-B2B5-DCE37EA6E7F8}.Release|x86.ActiveCfg = Release|Any CPU
		{AB71147C-2135-48F5-9501-F88BDE3360B9}.Debug|Any CPU.ActiveCfg = Debug|Any CPU
		{AB71147C-2135-48F5-9501-F88BDE3360B9}.Debug|Any CPU.Build.0 = Debug|Any CPU
		{AB71147C-2135-48F5-9501-F88BDE3360B9}.Debug|ARM.ActiveCfg = Debug|Any CPU
		{AB71147C-2135-48F5-9501-F88BDE3360B9}.Debug|x64.ActiveCfg = Debug|Any CPU
		{AB71147C-2135-48F5-9501-F88BDE3360B9}.Debug|x86.ActiveCfg = Debug|Any CPU
		{AB71147C-2135-48F5-9501-F88BDE3360B9}.Release|Any CPU.ActiveCfg = Release|Any CPU
		{AB71147C-2135-48F5-9501-F88BDE3360B9}.Release|Any CPU.Build.0 = Release|Any CPU
		{AB71147C-2135-48F5-9501-F88BDE3360B9}.Release|ARM.ActiveCfg = Release|Any CPU
		{AB71147C-2135-48F5-9501-F88BDE3360B9}.Release|x64.ActiveCfg = Release|Any CPU
		{AB71147C-2135-48F5-9501-F88BDE3360B9}.Release|x86.ActiveCfg = Release|Any CPU
		{76B260AD-310B-4B8E-BFFF-124877BF692C}.Debug|Any CPU.ActiveCfg = Debug|Any CPU
		{76B260AD-310B-4B8E-BFFF-124877BF692C}.Debug|Any CPU.Build.0 = Debug|Any CPU
		{76B260AD-310B-4B8E-BFFF-124877BF692C}.Debug|ARM.ActiveCfg = Debug|Any CPU
		{76B260AD-310B-4B8E-BFFF-124877BF692C}.Debug|x64.ActiveCfg = Debug|Any CPU
		{76B260AD-310B-4B8E-BFFF-124877BF692C}.Debug|x86.ActiveCfg = Debug|Any CPU
		{76B260AD-310B-4B8E-BFFF-124877BF692C}.Release|Any CPU.ActiveCfg = Release|Any CPU
		{76B260AD-310B-4B8E-BFFF-124877BF692C}.Release|Any CPU.Build.0 = Release|Any CPU
		{76B260AD-310B-4B8E-BFFF-124877BF692C}.Release|ARM.ActiveCfg = Release|Any CPU
		{76B260AD-310B-4B8E-BFFF-124877BF692C}.Release|x64.ActiveCfg = Release|Any CPU
		{76B260AD-310B-4B8E-BFFF-124877BF692C}.Release|x86.ActiveCfg = Release|Any CPU
	EndGlobalSection
	GlobalSection(SolutionProperties) = preSolution
		HideSolutionNode = FALSE
	EndGlobalSection
EndGlobal
